# This file is automatically @generated by Cargo.
# It is not intended for manual editing.
version = 4

[[package]]
name = "allocator-api2"
version = "0.2.20"
source = "registry+https://github.com/rust-lang/crates.io-index"
checksum = "45862d1c77f2228b9e10bc609d5bc203d86ebc9b87ad8d5d5167a6c9abf739d9"

[[package]]
name = "castaway"
version = "0.2.3"
source = "registry+https://github.com/rust-lang/crates.io-index"
checksum = "0abae9be0aaf9ea96a3b1b8b1b55c602ca751eba1b1500220cea4ecbafe7c0d5"
dependencies = [
 "rustversion",
]

[[package]]
name = "cfg-if"
version = "1.0.0"
source = "registry+https://github.com/rust-lang/crates.io-index"
checksum = "baf1de4339761588bc0619e3cbc0120ee582ebb74b53b4efbf79117bd2da40fd"

[[package]]
name = "compact_str"
version = "0.8.0"
source = "registry+https://github.com/rust-lang/crates.io-index"
checksum = "6050c3a16ddab2e412160b31f2c871015704239bca62f72f6e5f0be631d3f644"
dependencies = [
 "castaway",
 "cfg-if",
 "itoa",
 "rustversion",
 "ryu",
 "static_assertions",
]

[[package]]
name = "cranelift-bitset"
version = "0.114.0"
source = "registry+https://github.com/rust-lang/crates.io-index"
checksum = "005884e3649c3e5ff2dc79e8a94b138f11569cc08a91244a292714d2a86e9156"

[[package]]
name = "cranelift-entity"
version = "0.114.0"
source = "registry+https://github.com/rust-lang/crates.io-index"
checksum = "305399fd781a2953ac78c1396f02ff53144f39c33eb7fc7789cf4e8936d13a96"
dependencies = [
 "cranelift-bitset",
]

[[package]]
name = "equivalent"
version = "1.0.1"
source = "registry+https://github.com/rust-lang/crates.io-index"
checksum = "5443807d6dff69373d433ab9ef5378ad8df50ca6298caf15de6e52e24aaf54d5"

[[package]]
name = "foldhash"
version = "0.1.3"
source = "registry+https://github.com/rust-lang/crates.io-index"
checksum = "f81ec6369c545a7d40e4589b5597581fa1c441fe1cce96dd1de43159910a36a2"

[[package]]
name = "hashbrown"
version = "0.15.2"
source = "registry+https://github.com/rust-lang/crates.io-index"
checksum = "bf151400ff0baff5465007dd2f3e717f3fe502074ca563069ce3a6629d07b289"
dependencies = [
 "allocator-api2",
 "equivalent",
 "foldhash",
]

[[package]]
name = "itoa"
version = "1.0.14"
source = "registry+https://github.com/rust-lang/crates.io-index"
checksum = "d75a2a4b1b190afb6f5425f10f6a8f959d2ea0b9c2b1d79553551850539e4674"

[[package]]
name = "rustversion"
version = "1.0.18"
source = "registry+https://github.com/rust-lang/crates.io-index"
checksum = "0e819f2bc632f285be6d7cd36e25940d45b2391dd6d9b939e79de557f7014248"

[[package]]
name = "ryu"
version = "1.0.18"
source = "registry+https://github.com/rust-lang/crates.io-index"
checksum = "f3cb5ba0dc43242ce17de99c180e96db90b235b8a9fdc9543c96d2209116bd9f"

[[package]]
name = "static_assertions"
version = "1.1.0"
source = "registry+https://github.com/rust-lang/crates.io-index"
checksum = "a2eb9349b6444b326872e140eb1cf5e7c522154d69e7a0ffb0fb81c06b37543f"

[[package]]
name = "zyon-bytecode"
version = "0.1.0"
dependencies = [
 "compact_str",
 "cranelift-entity",
 "hashbrown",
]

[[package]]
name = "zyon-runtime"
version = "0.1.0"
